// !$*UTF8*$!
{
	archiveVersion = 1;
	classes = {
	};
	objectVersion = 46;
	objects = {

/* Begin PBXBuildFile section */
		CE37E2F81F5D62410093DA92 /* ReRouter.framework in Frameworks */ = {isa = PBXBuildFile; fileRef = CE37E2EE1F5D62410093DA92 /* ReRouter.framework */; };
		CE37E2FF1F5D62410093DA92 /* ReRouter.h in Headers */ = {isa = PBXBuildFile; fileRef = CE37E2F11F5D62410093DA92 /* ReRouter.h */; settings = {ATTRIBUTES = (Public, ); }; };
		CE37E30B1F5D732D0093DA92 /* ReactiveReSwift.framework in Frameworks */ = {isa = PBXBuildFile; fileRef = CE37E3091F5D732D0093DA92 /* ReactiveReSwift.framework */; };
		CE37E30C1F5D732D0093DA92 /* RxSwift.framework in Frameworks */ = {isa = PBXBuildFile; fileRef = CE37E30A1F5D732D0093DA92 /* RxSwift.framework */; };
		CE37E30E1F5D75220093DA92 /* ReactiveReSwiftBridge.swift in Sources */ = {isa = PBXBuildFile; fileRef = CE37E30D1F5D75220093DA92 /* ReactiveReSwiftBridge.swift */; };
		CE37E30F1F5D76D50093DA92 /* ReactiveReSwift.framework in Frameworks */ = {isa = PBXBuildFile; fileRef = CE37E3091F5D732D0093DA92 /* ReactiveReSwift.framework */; };
		CE37E3101F5D76D50093DA92 /* RxSwift.framework in Frameworks */ = {isa = PBXBuildFile; fileRef = CE37E30A1F5D732D0093DA92 /* RxSwift.framework */; };
		CE37E3121F5D7F380093DA92 /* Routable.swift in Sources */ = {isa = PBXBuildFile; fileRef = CE37E3111F5D7F380093DA92 /* Routable.swift */; };
		CE37E3141F5D87300093DA92 /* AnyCoordinator.swift in Sources */ = {isa = PBXBuildFile; fileRef = CE37E3131F5D87300093DA92 /* AnyCoordinator.swift */; };
		CE37E3161F5D8CED0093DA92 /* Path.swift in Sources */ = {isa = PBXBuildFile; fileRef = CE37E3151F5D8CED0093DA92 /* Path.swift */; };
		CE37E3181F5D908A0093DA92 /* TestPath.swift in Sources */ = {isa = PBXBuildFile; fileRef = CE37E3171F5D908A0093DA92 /* TestPath.swift */; };
		CE37E31A1F5D96410093DA92 /* TestAnyCoordinator.swift in Sources */ = {isa = PBXBuildFile; fileRef = CE37E3191F5D96410093DA92 /* TestAnyCoordinator.swift */; };
		CE37E31C1F5D9EFF0093DA92 /* Router.swift in Sources */ = {isa = PBXBuildFile; fileRef = CE37E31B1F5D9EFF0093DA92 /* Router.swift */; };
		CE37E31E1F5DA06F0093DA92 /* TestRouter.swift in Sources */ = {isa = PBXBuildFile; fileRef = CE37E31D1F5DA06F0093DA92 /* TestRouter.swift */; };
		CE37E3201F5DA5040093DA92 /* TestReactiveReSwiftBridge.swift in Sources */ = {isa = PBXBuildFile; fileRef = CE37E31F1F5DA5040093DA92 /* TestReactiveReSwiftBridge.swift */; };
		CE37E3221F5DCCA50093DA92 /* TestRoutable.swift in Sources */ = {isa = PBXBuildFile; fileRef = CE37E3211F5DCCA50093DA92 /* TestRoutable.swift */; };
		CE3D08A71FA88D27009DA4F4 /* AppDelegate.swift in Sources */ = {isa = PBXBuildFile; fileRef = CE3D08A61FA88D27009DA4F4 /* AppDelegate.swift */; };
		CE3D08A91FA88D27009DA4F4 /* ViewController.swift in Sources */ = {isa = PBXBuildFile; fileRef = CE3D08A81FA88D27009DA4F4 /* ViewController.swift */; };
		CE3D08AC1FA88D27009DA4F4 /* Main.storyboard in Resources */ = {isa = PBXBuildFile; fileRef = CE3D08AA1FA88D27009DA4F4 /* Main.storyboard */; };
		CE3D08AE1FA88D27009DA4F4 /* Assets.xcassets in Resources */ = {isa = PBXBuildFile; fileRef = CE3D08AD1FA88D27009DA4F4 /* Assets.xcassets */; };
		CE3D08B11FA88D27009DA4F4 /* LaunchScreen.storyboard in Resources */ = {isa = PBXBuildFile; fileRef = CE3D08AF1FA88D27009DA4F4 /* LaunchScreen.storyboard */; };
		CE3D08BB1FA8904E009DA4F4 /* AppCoordinator.swift in Sources */ = {isa = PBXBuildFile; fileRef = CE3D08BA1FA8904E009DA4F4 /* AppCoordinator.swift */; };
		CEA2F8F01F66AFF6002C59FF /* ControllerCoordinator.swift in Sources */ = {isa = PBXBuildFile; fileRef = CEA2F8EF1F66AFF6002C59FF /* ControllerCoordinator.swift */; };
/* End PBXBuildFile section */

/* Begin PBXContainerItemProxy section */
		CE37E2F91F5D62410093DA92 /* PBXContainerItemProxy */ = {
			isa = PBXContainerItemProxy;
			containerPortal = CE37E2E51F5D62410093DA92 /* Project object */;
			proxyType = 1;
			remoteGlobalIDString = CE37E2ED1F5D62410093DA92;
			remoteInfo = ReRouter;
		};
		CE3D08B61FA88D33009DA4F4 /* PBXContainerItemProxy */ = {
			isa = PBXContainerItemProxy;
			containerPortal = CE37E2E51F5D62410093DA92 /* Project object */;
			proxyType = 1;
			remoteGlobalIDString = CE3D08A31FA88D27009DA4F4;
			remoteInfo = ReRouterDemo;
		};
		CE3D08B81FA88DE8009DA4F4 /* PBXContainerItemProxy */ = {
			isa = PBXContainerItemProxy;
			containerPortal = CE37E2E51F5D62410093DA92 /* Project object */;
			proxyType = 1;
			remoteGlobalIDString = CE37E2ED1F5D62410093DA92;
			remoteInfo = ReRouter;
		};
/* End PBXContainerItemProxy section */

/* Begin PBXFileReference section */
		CE37E2EE1F5D62410093DA92 /* ReRouter.framework */ = {isa = PBXFileReference; explicitFileType = wrapper.framework; includeInIndex = 0; path = ReRouter.framework; sourceTree = BUILT_PRODUCTS_DIR; };
		CE37E2F11F5D62410093DA92 /* ReRouter.h */ = {isa = PBXFileReference; lastKnownFileType = sourcecode.c.h; path = ReRouter.h; sourceTree = "<group>"; };
		CE37E2F21F5D62410093DA92 /* Info.plist */ = {isa = PBXFileReference; lastKnownFileType = text.plist.xml; path = Info.plist; sourceTree = "<group>"; };
		CE37E2F71F5D62410093DA92 /* ReRouterTests.xctest */ = {isa = PBXFileReference; explicitFileType = wrapper.cfbundle; includeInIndex = 0; path = ReRouterTests.xctest; sourceTree = BUILT_PRODUCTS_DIR; };
		CE37E2FE1F5D62410093DA92 /* Info.plist */ = {isa = PBXFileReference; lastKnownFileType = text.plist.xml; path = Info.plist; sourceTree = "<group>"; };
		CE37E3091F5D732D0093DA92 /* ReactiveReSwift.framework */ = {isa = PBXFileReference; lastKnownFileType = wrapper.framework; name = ReactiveReSwift.framework; path = Carthage/Build/iOS/ReactiveReSwift.framework; sourceTree = "<group>"; };
		CE37E30A1F5D732D0093DA92 /* RxSwift.framework */ = {isa = PBXFileReference; lastKnownFileType = wrapper.framework; name = RxSwift.framework; path = Carthage/Build/iOS/RxSwift.framework; sourceTree = "<group>"; };
		CE37E30D1F5D75220093DA92 /* ReactiveReSwiftBridge.swift */ = {isa = PBXFileReference; fileEncoding = 4; lastKnownFileType = sourcecode.swift; path = ReactiveReSwiftBridge.swift; sourceTree = "<group>"; };
		CE37E3111F5D7F380093DA92 /* Routable.swift */ = {isa = PBXFileReference; fileEncoding = 4; lastKnownFileType = sourcecode.swift; path = Routable.swift; sourceTree = "<group>"; };
		CE37E3131F5D87300093DA92 /* AnyCoordinator.swift */ = {isa = PBXFileReference; fileEncoding = 4; lastKnownFileType = sourcecode.swift; path = AnyCoordinator.swift; sourceTree = "<group>"; };
		CE37E3151F5D8CED0093DA92 /* Path.swift */ = {isa = PBXFileReference; fileEncoding = 4; lastKnownFileType = sourcecode.swift; path = Path.swift; sourceTree = "<group>"; };
		CE37E3171F5D908A0093DA92 /* TestPath.swift */ = {isa = PBXFileReference; fileEncoding = 4; lastKnownFileType = sourcecode.swift; path = TestPath.swift; sourceTree = "<group>"; };
		CE37E3191F5D96410093DA92 /* TestAnyCoordinator.swift */ = {isa = PBXFileReference; fileEncoding = 4; lastKnownFileType = sourcecode.swift; path = TestAnyCoordinator.swift; sourceTree = "<group>"; };
		CE37E31B1F5D9EFF0093DA92 /* Router.swift */ = {isa = PBXFileReference; fileEncoding = 4; lastKnownFileType = sourcecode.swift; path = Router.swift; sourceTree = "<group>"; };
		CE37E31D1F5DA06F0093DA92 /* TestRouter.swift */ = {isa = PBXFileReference; fileEncoding = 4; lastKnownFileType = sourcecode.swift; path = TestRouter.swift; sourceTree = "<group>"; };
		CE37E31F1F5DA5040093DA92 /* TestReactiveReSwiftBridge.swift */ = {isa = PBXFileReference; fileEncoding = 4; lastKnownFileType = sourcecode.swift; path = TestReactiveReSwiftBridge.swift; sourceTree = "<group>"; };
		CE37E3211F5DCCA50093DA92 /* TestRoutable.swift */ = {isa = PBXFileReference; fileEncoding = 4; lastKnownFileType = sourcecode.swift; path = TestRoutable.swift; sourceTree = "<group>"; };
		CE3D08A41FA88D27009DA4F4 /* ReRouterDemo.app */ = {isa = PBXFileReference; explicitFileType = wrapper.application; includeInIndex = 0; path = ReRouterDemo.app; sourceTree = BUILT_PRODUCTS_DIR; };
		CE3D08A61FA88D27009DA4F4 /* AppDelegate.swift */ = {isa = PBXFileReference; lastKnownFileType = sourcecode.swift; path = AppDelegate.swift; sourceTree = "<group>"; };
		CE3D08A81FA88D27009DA4F4 /* ViewController.swift */ = {isa = PBXFileReference; lastKnownFileType = sourcecode.swift; path = ViewController.swift; sourceTree = "<group>"; };
		CE3D08AB1FA88D27009DA4F4 /* Base */ = {isa = PBXFileReference; lastKnownFileType = file.storyboard; name = Base; path = Base.lproj/Main.storyboard; sourceTree = "<group>"; };
		CE3D08AD1FA88D27009DA4F4 /* Assets.xcassets */ = {isa = PBXFileReference; lastKnownFileType = folder.assetcatalog; path = Assets.xcassets; sourceTree = "<group>"; };
		CE3D08B01FA88D27009DA4F4 /* Base */ = {isa = PBXFileReference; lastKnownFileType = file.storyboard; name = Base; path = Base.lproj/LaunchScreen.storyboard; sourceTree = "<group>"; };
		CE3D08B21FA88D27009DA4F4 /* Info.plist */ = {isa = PBXFileReference; lastKnownFileType = text.plist.xml; path = Info.plist; sourceTree = "<group>"; };
		CE3D08BA1FA8904E009DA4F4 /* AppCoordinator.swift */ = {isa = PBXFileReference; lastKnownFileType = sourcecode.swift; path = AppCoordinator.swift; sourceTree = "<group>"; };
		CEA2F8EF1F66AFF6002C59FF /* ControllerCoordinator.swift */ = {isa = PBXFileReference; fileEncoding = 4; lastKnownFileType = sourcecode.swift; path = ControllerCoordinator.swift; sourceTree = "<group>"; };
/* End PBXFileReference section */

/* Begin PBXFrameworksBuildPhase section */
		CE37E2EA1F5D62410093DA92 /* Frameworks */ = {
			isa = PBXFrameworksBuildPhase;
			buildActionMask = 2147483647;
			files = (
				CE37E30B1F5D732D0093DA92 /* ReactiveReSwift.framework in Frameworks */,
				CE37E30C1F5D732D0093DA92 /* RxSwift.framework in Frameworks */,
			);
			runOnlyForDeploymentPostprocessing = 0;
		};
		CE37E2F41F5D62410093DA92 /* Frameworks */ = {
			isa = PBXFrameworksBuildPhase;
			buildActionMask = 2147483647;
			files = (
				CE37E2F81F5D62410093DA92 /* ReRouter.framework in Frameworks */,
				CE37E30F1F5D76D50093DA92 /* ReactiveReSwift.framework in Frameworks */,
				CE37E3101F5D76D50093DA92 /* RxSwift.framework in Frameworks */,
			);
			runOnlyForDeploymentPostprocessing = 0;
		};
		CE3D08A11FA88D27009DA4F4 /* Frameworks */ = {
			isa = PBXFrameworksBuildPhase;
			buildActionMask = 2147483647;
			files = (
			);
			runOnlyForDeploymentPostprocessing = 0;
		};
/* End PBXFrameworksBuildPhase section */

/* Begin PBXGroup section */
		CE37E2E41F5D62410093DA92 = {
			isa = PBXGroup;
			children = (
				CE37E2F01F5D62410093DA92 /* ReRouter */,
				CE37E2FB1F5D62410093DA92 /* ReRouterTests */,
				CE3D08A51FA88D27009DA4F4 /* ReRouterDemo */,
				CE37E2EF1F5D62410093DA92 /* Products */,
				CE37E3081F5D732D0093DA92 /* Frameworks */,
			);
			sourceTree = "<group>";
		};
		CE37E2EF1F5D62410093DA92 /* Products */ = {
			isa = PBXGroup;
			children = (
				CE37E2EE1F5D62410093DA92 /* ReRouter.framework */,
				CE37E2F71F5D62410093DA92 /* ReRouterTests.xctest */,
				CE3D08A41FA88D27009DA4F4 /* ReRouterDemo.app */,
			);
			name = Products;
			sourceTree = "<group>";
		};
		CE37E2F01F5D62410093DA92 /* ReRouter */ = {
			isa = PBXGroup;
			children = (
				CE37E2F11F5D62410093DA92 /* ReRouter.h */,
				CE37E3111F5D7F380093DA92 /* Routable.swift */,
				CEA2F8EF1F66AFF6002C59FF /* ControllerCoordinator.swift */,
				CE37E3151F5D8CED0093DA92 /* Path.swift */,
				CE37E31B1F5D9EFF0093DA92 /* Router.swift */,
				CE37E3131F5D87300093DA92 /* AnyCoordinator.swift */,
				CE37E30D1F5D75220093DA92 /* ReactiveReSwiftBridge.swift */,
				CE37E2F21F5D62410093DA92 /* Info.plist */,
			);
			path = ReRouter;
			sourceTree = "<group>";
		};
		CE37E2FB1F5D62410093DA92 /* ReRouterTests */ = {
			isa = PBXGroup;
			children = (
				CE37E3171F5D908A0093DA92 /* TestPath.swift */,
				CE37E3211F5DCCA50093DA92 /* TestRoutable.swift */,
				CE37E3191F5D96410093DA92 /* TestAnyCoordinator.swift */,
				CE37E31D1F5DA06F0093DA92 /* TestRouter.swift */,
				CE37E31F1F5DA5040093DA92 /* TestReactiveReSwiftBridge.swift */,
				CE37E2FE1F5D62410093DA92 /* Info.plist */,
			);
			path = ReRouterTests;
			sourceTree = "<group>";
		};
		CE37E3081F5D732D0093DA92 /* Frameworks */ = {
			isa = PBXGroup;
			children = (
				CE37E3091F5D732D0093DA92 /* ReactiveReSwift.framework */,
				CE37E30A1F5D732D0093DA92 /* RxSwift.framework */,
			);
			name = Frameworks;
			sourceTree = "<group>";
		};
		CE3D08A51FA88D27009DA4F4 /* ReRouterDemo */ = {
			isa = PBXGroup;
			children = (
				CE3D08A61FA88D27009DA4F4 /* AppDelegate.swift */,
				CE3D08BA1FA8904E009DA4F4 /* AppCoordinator.swift */,
				CE3D08A81FA88D27009DA4F4 /* ViewController.swift */,
				CE3D08AA1FA88D27009DA4F4 /* Main.storyboard */,
				CE3D08AD1FA88D27009DA4F4 /* Assets.xcassets */,
				CE3D08AF1FA88D27009DA4F4 /* LaunchScreen.storyboard */,
				CE3D08B21FA88D27009DA4F4 /* Info.plist */,
			);
			path = ReRouterDemo;
			sourceTree = "<group>";
		};
/* End PBXGroup section */

/* Begin PBXHeadersBuildPhase section */
		CE37E2EB1F5D62410093DA92 /* Headers */ = {
			isa = PBXHeadersBuildPhase;
			buildActionMask = 2147483647;
			files = (
				CE37E2FF1F5D62410093DA92 /* ReRouter.h in Headers */,
			);
			runOnlyForDeploymentPostprocessing = 0;
		};
/* End PBXHeadersBuildPhase section */

/* Begin PBXNativeTarget section */
		CE37E2ED1F5D62410093DA92 /* ReRouter */ = {
			isa = PBXNativeTarget;
			buildConfigurationList = CE37E3021F5D62410093DA92 /* Build configuration list for PBXNativeTarget "ReRouter" */;
			buildPhases = (
				CE37E2E91F5D62410093DA92 /* Sources */,
				CE37E2EA1F5D62410093DA92 /* Frameworks */,
				CE37E2EB1F5D62410093DA92 /* Headers */,
				CE37E2EC1F5D62410093DA92 /* Resources */,
			);
			buildRules = (
			);
			dependencies = (
			);
			name = ReRouter;
			productName = ReRouter;
			productReference = CE37E2EE1F5D62410093DA92 /* ReRouter.framework */;
			productType = "com.apple.product-type.framework";
		};
		CE37E2F61F5D62410093DA92 /* ReRouterTests */ = {
			isa = PBXNativeTarget;
			buildConfigurationList = CE37E3051F5D62410093DA92 /* Build configuration list for PBXNativeTarget "ReRouterTests" */;
			buildPhases = (
				CE37E2F31F5D62410093DA92 /* Sources */,
				CE37E2F41F5D62410093DA92 /* Frameworks */,
				CE37E2F51F5D62410093DA92 /* Resources */,
			);
			buildRules = (
			);
			dependencies = (
				CE37E2FA1F5D62410093DA92 /* PBXTargetDependency */,
				CE3D08B71FA88D33009DA4F4 /* PBXTargetDependency */,
			);
			name = ReRouterTests;
			productName = ReRouterTests;
			productReference = CE37E2F71F5D62410093DA92 /* ReRouterTests.xctest */;
			productType = "com.apple.product-type.bundle.unit-test";
		};
		CE3D08A31FA88D27009DA4F4 /* ReRouterDemo */ = {
			isa = PBXNativeTarget;
			buildConfigurationList = CE3D08B51FA88D27009DA4F4 /* Build configuration list for PBXNativeTarget "ReRouterDemo" */;
			buildPhases = (
				CE3D08A01FA88D27009DA4F4 /* Sources */,
				CE3D08A11FA88D27009DA4F4 /* Frameworks */,
				CE3D08A21FA88D27009DA4F4 /* Resources */,
			);
			buildRules = (
			);
			dependencies = (
				CE3D08B91FA88DE8009DA4F4 /* PBXTargetDependency */,
			);
			name = ReRouterDemo;
			productName = ReRouterDemo;
			productReference = CE3D08A41FA88D27009DA4F4 /* ReRouterDemo.app */;
			productType = "com.apple.product-type.application";
		};
/* End PBXNativeTarget section */

/* Begin PBXProject section */
		CE37E2E51F5D62410093DA92 /* Project object */ = {
			isa = PBXProject;
			attributes = {
				LastSwiftUpdateCheck = 0900;
				LastUpgradeCheck = 0900;
				ORGANIZATIONNAME = WeAreReasonablePeople;
				TargetAttributes = {
					CE37E2ED1F5D62410093DA92 = {
						CreatedOnToolsVersion = 8.3.3;
						DevelopmentTeam = VLLVL72AJ4;
						LastSwiftMigration = 0900;
						ProvisioningStyle = Automatic;
					};
					CE37E2F61F5D62410093DA92 = {
						CreatedOnToolsVersion = 8.3.3;
						DevelopmentTeam = VLLVL72AJ4;
						LastSwiftMigration = 0900;
						ProvisioningStyle = Automatic;
					};
					CE3D08A31FA88D27009DA4F4 = {
						CreatedOnToolsVersion = 9.0.1;
						DevelopmentTeam = 7H6SM4X3H7;
						ProvisioningStyle = Automatic;
					};
				};
			};
			buildConfigurationList = CE37E2E81F5D62410093DA92 /* Build configuration list for PBXProject "ReRouter" */;
			compatibilityVersion = "Xcode 3.2";
			developmentRegion = English;
			hasScannedForEncodings = 0;
			knownRegions = (
				en,
				Base,
			);
			mainGroup = CE37E2E41F5D62410093DA92;
			productRefGroup = CE37E2EF1F5D62410093DA92 /* Products */;
			projectDirPath = "";
			projectRoot = "";
			targets = (
				CE37E2ED1F5D62410093DA92 /* ReRouter */,
				CE37E2F61F5D62410093DA92 /* ReRouterTests */,
				CE3D08A31FA88D27009DA4F4 /* ReRouterDemo */,
			);
		};
/* End PBXProject section */

/* Begin PBXResourcesBuildPhase section */
		CE37E2EC1F5D62410093DA92 /* Resources */ = {
			isa = PBXResourcesBuildPhase;
			buildActionMask = 2147483647;
			files = (
			);
			runOnlyForDeploymentPostprocessing = 0;
		};
		CE37E2F51F5D62410093DA92 /* Resources */ = {
			isa = PBXResourcesBuildPhase;
			buildActionMask = 2147483647;
			files = (
			);
			runOnlyForDeploymentPostprocessing = 0;
		};
		CE3D08A21FA88D27009DA4F4 /* Resources */ = {
			isa = PBXResourcesBuildPhase;
			buildActionMask = 2147483647;
			files = (
				CE3D08B11FA88D27009DA4F4 /* LaunchScreen.storyboard in Resources */,
				CE3D08AE1FA88D27009DA4F4 /* Assets.xcassets in Resources */,
				CE3D08AC1FA88D27009DA4F4 /* Main.storyboard in Resources */,
			);
			runOnlyForDeploymentPostprocessing = 0;
		};
/* End PBXResourcesBuildPhase section */

/* Begin PBXSourcesBuildPhase section */
		CE37E2E91F5D62410093DA92 /* Sources */ = {
			isa = PBXSourcesBuildPhase;
			buildActionMask = 2147483647;
			files = (
				CE37E3141F5D87300093DA92 /* AnyCoordinator.swift in Sources */,
				CE37E30E1F5D75220093DA92 /* ReactiveReSwiftBridge.swift in Sources */,
				CE37E31C1F5D9EFF0093DA92 /* Router.swift in Sources */,
				CE37E3161F5D8CED0093DA92 /* Path.swift in Sources */,
				CEA2F8F01F66AFF6002C59FF /* ControllerCoordinator.swift in Sources */,
				CE37E3121F5D7F380093DA92 /* Routable.swift in Sources */,
			);
			runOnlyForDeploymentPostprocessing = 0;
		};
		CE37E2F31F5D62410093DA92 /* Sources */ = {
			isa = PBXSourcesBuildPhase;
			buildActionMask = 2147483647;
			files = (
				CE37E3181F5D908A0093DA92 /* TestPath.swift in Sources */,
				CE37E31A1F5D96410093DA92 /* TestAnyCoordinator.swift in Sources */,
				CE37E3201F5DA5040093DA92 /* TestReactiveReSwiftBridge.swift in Sources */,
				CE37E31E1F5DA06F0093DA92 /* TestRouter.swift in Sources */,
				CE37E3221F5DCCA50093DA92 /* TestRoutable.swift in Sources */,
			);
			runOnlyForDeploymentPostprocessing = 0;
		};
		CE3D08A01FA88D27009DA4F4 /* Sources */ = {
			isa = PBXSourcesBuildPhase;
			buildActionMask = 2147483647;
			files = (
				CE3D08BB1FA8904E009DA4F4 /* AppCoordinator.swift in Sources */,
				CE3D08A91FA88D27009DA4F4 /* ViewController.swift in Sources */,
				CE3D08A71FA88D27009DA4F4 /* AppDelegate.swift in Sources */,
			);
			runOnlyForDeploymentPostprocessing = 0;
		};
/* End PBXSourcesBuildPhase section */

/* Begin PBXTargetDependency section */
		CE37E2FA1F5D62410093DA92 /* PBXTargetDependency */ = {
			isa = PBXTargetDependency;
			target = CE37E2ED1F5D62410093DA92 /* ReRouter */;
			targetProxy = CE37E2F91F5D62410093DA92 /* PBXContainerItemProxy */;
		};
		CE3D08B71FA88D33009DA4F4 /* PBXTargetDependency */ = {
			isa = PBXTargetDependency;
			target = CE3D08A31FA88D27009DA4F4 /* ReRouterDemo */;
			targetProxy = CE3D08B61FA88D33009DA4F4 /* PBXContainerItemProxy */;
		};
		CE3D08B91FA88DE8009DA4F4 /* PBXTargetDependency */ = {
			isa = PBXTargetDependency;
			target = CE37E2ED1F5D62410093DA92 /* ReRouter */;
			targetProxy = CE3D08B81FA88DE8009DA4F4 /* PBXContainerItemProxy */;
		};
/* End PBXTargetDependency section */

/* Begin PBXVariantGroup section */
		CE3D08AA1FA88D27009DA4F4 /* Main.storyboard */ = {
			isa = PBXVariantGroup;
			children = (
				CE3D08AB1FA88D27009DA4F4 /* Base */,
			);
			name = Main.storyboard;
			sourceTree = "<group>";
		};
		CE3D08AF1FA88D27009DA4F4 /* LaunchScreen.storyboard */ = {
			isa = PBXVariantGroup;
			children = (
				CE3D08B01FA88D27009DA4F4 /* Base */,
			);
			name = LaunchScreen.storyboard;
			sourceTree = "<group>";
		};
/* End PBXVariantGroup section */

/* Begin XCBuildConfiguration section */
		CE37E3001F5D62410093DA92 /* Debug */ = {
			isa = XCBuildConfiguration;
			buildSettings = {
				ALWAYS_SEARCH_USER_PATHS = NO;
				CLANG_ANALYZER_NONNULL = YES;
				CLANG_ANALYZER_NUMBER_OBJECT_CONVERSION = YES_AGGRESSIVE;
				CLANG_CXX_LANGUAGE_STANDARD = "gnu++0x";
				CLANG_CXX_LIBRARY = "libc++";
				CLANG_ENABLE_MODULES = YES;
				CLANG_ENABLE_OBJC_ARC = YES;
				CLANG_WARN_BLOCK_CAPTURE_AUTORELEASING = YES;
				CLANG_WARN_BOOL_CONVERSION = YES;
				CLANG_WARN_COMMA = YES;
				CLANG_WARN_CONSTANT_CONVERSION = YES;
				CLANG_WARN_DIRECT_OBJC_ISA_USAGE = YES_ERROR;
				CLANG_WARN_DOCUMENTATION_COMMENTS = YES;
				CLANG_WARN_EMPTY_BODY = YES;
				CLANG_WARN_ENUM_CONVERSION = YES;
				CLANG_WARN_INFINITE_RECURSION = YES;
				CLANG_WARN_INT_CONVERSION = YES;
				CLANG_WARN_NON_LITERAL_NULL_CONVERSION = YES;
				CLANG_WARN_OBJC_LITERAL_CONVERSION = YES;
				CLANG_WARN_OBJC_ROOT_CLASS = YES_ERROR;
				CLANG_WARN_RANGE_LOOP_ANALYSIS = YES;
				CLANG_WARN_STRICT_PROTOTYPES = YES;
				CLANG_WARN_SUSPICIOUS_MOVE = YES;
				CLANG_WARN_UNREACHABLE_CODE = YES;
				CLANG_WARN__DUPLICATE_METHOD_MATCH = YES;
				"CODE_SIGN_IDENTITY[sdk=iphoneos*]" = "iPhone Developer";
				COPY_PHASE_STRIP = NO;
				CURRENT_PROJECT_VERSION = 1;
				DEBUG_INFORMATION_FORMAT = dwarf;
				ENABLE_STRICT_OBJC_MSGSEND = YES;
				ENABLE_TESTABILITY = YES;
				GCC_C_LANGUAGE_STANDARD = gnu99;
				GCC_DYNAMIC_NO_PIC = NO;
				GCC_NO_COMMON_BLOCKS = YES;
				GCC_OPTIMIZATION_LEVEL = 0;
				GCC_PREPROCESSOR_DEFINITIONS = (
					"DEBUG=1",
					"$(inherited)",
				);
				GCC_WARN_64_TO_32_BIT_CONVERSION = YES;
				GCC_WARN_ABOUT_RETURN_TYPE = YES_ERROR;
				GCC_WARN_UNDECLARED_SELECTOR = YES;
				GCC_WARN_UNINITIALIZED_AUTOS = YES_AGGRESSIVE;
				GCC_WARN_UNUSED_FUNCTION = YES;
				GCC_WARN_UNUSED_VARIABLE = YES;
				IPHONEOS_DEPLOYMENT_TARGET = 10.3;
				MTL_ENABLE_DEBUG_INFO = YES;
				ONLY_ACTIVE_ARCH = YES;
				SDKROOT = iphoneos;
				SWIFT_ACTIVE_COMPILATION_CONDITIONS = DEBUG;
				SWIFT_OPTIMIZATION_LEVEL = "-Onone";
				TARGETED_DEVICE_FAMILY = "1,2";
				VERSIONING_SYSTEM = "apple-generic";
				VERSION_INFO_PREFIX = "";
			};
			name = Debug;
		};
		CE37E3011F5D62410093DA92 /* Release */ = {
			isa = XCBuildConfiguration;
			buildSettings = {
				ALWAYS_SEARCH_USER_PATHS = NO;
				CLANG_ANALYZER_NONNULL = YES;
				CLANG_ANALYZER_NUMBER_OBJECT_CONVERSION = YES_AGGRESSIVE;
				CLANG_CXX_LANGUAGE_STANDARD = "gnu++0x";
				CLANG_CXX_LIBRARY = "libc++";
				CLANG_ENABLE_MODULES = YES;
				CLANG_ENABLE_OBJC_ARC = YES;
				CLANG_WARN_BLOCK_CAPTURE_AUTORELEASING = YES;
				CLANG_WARN_BOOL_CONVERSION = YES;
				CLANG_WARN_COMMA = YES;
				CLANG_WARN_CONSTANT_CONVERSION = YES;
				CLANG_WARN_DIRECT_OBJC_ISA_USAGE = YES_ERROR;
				CLANG_WARN_DOCUMENTATION_COMMENTS = YES;
				CLANG_WARN_EMPTY_BODY = YES;
				CLANG_WARN_ENUM_CONVERSION = YES;
				CLANG_WARN_INFINITE_RECURSION = YES;
				CLANG_WARN_INT_CONVERSION = YES;
				CLANG_WARN_NON_LITERAL_NULL_CONVERSION = YES;
				CLANG_WARN_OBJC_LITERAL_CONVERSION = YES;
				CLANG_WARN_OBJC_ROOT_CLASS = YES_ERROR;
				CLANG_WARN_RANGE_LOOP_ANALYSIS = YES;
				CLANG_WARN_STRICT_PROTOTYPES = YES;
				CLANG_WARN_SUSPICIOUS_MOVE = YES;
				CLANG_WARN_UNREACHABLE_CODE = YES;
				CLANG_WARN__DUPLICATE_METHOD_MATCH = YES;
				"CODE_SIGN_IDENTITY[sdk=iphoneos*]" = "iPhone Developer";
				COPY_PHASE_STRIP = NO;
				CURRENT_PROJECT_VERSION = 1;
				DEBUG_INFORMATION_FORMAT = "dwarf-with-dsym";
				ENABLE_NS_ASSERTIONS = NO;
				ENABLE_STRICT_OBJC_MSGSEND = YES;
				GCC_C_LANGUAGE_STANDARD = gnu99;
				GCC_NO_COMMON_BLOCKS = YES;
				GCC_WARN_64_TO_32_BIT_CONVERSION = YES;
				GCC_WARN_ABOUT_RETURN_TYPE = YES_ERROR;
				GCC_WARN_UNDECLARED_SELECTOR = YES;
				GCC_WARN_UNINITIALIZED_AUTOS = YES_AGGRESSIVE;
				GCC_WARN_UNUSED_FUNCTION = YES;
				GCC_WARN_UNUSED_VARIABLE = YES;
				IPHONEOS_DEPLOYMENT_TARGET = 10.3;
				MTL_ENABLE_DEBUG_INFO = NO;
				SDKROOT = iphoneos;
				SWIFT_OPTIMIZATION_LEVEL = "-Owholemodule";
				TARGETED_DEVICE_FAMILY = "1,2";
				VALIDATE_PRODUCT = YES;
				VERSIONING_SYSTEM = "apple-generic";
				VERSION_INFO_PREFIX = "";
			};
			name = Release;
		};
		CE37E3031F5D62410093DA92 /* Debug */ = {
			isa = XCBuildConfiguration;
			buildSettings = {
				APPLICATION_EXTENSION_API_ONLY = NO;
				CLANG_ENABLE_MODULES = YES;
				CODE_SIGN_IDENTITY = "";
				DEFINES_MODULE = YES;
				DEVELOPMENT_TEAM = VLLVL72AJ4;
				DYLIB_COMPATIBILITY_VERSION = 1;
				DYLIB_CURRENT_VERSION = 1;
				DYLIB_INSTALL_NAME_BASE = "@rpath";
				FRAMEWORK_SEARCH_PATHS = (
					"$(inherited)",
					"$(PROJECT_DIR)/Carthage/Build/iOS",
				);
				INFOPLIST_FILE = ReRouter/Info.plist;
				INSTALL_PATH = "$(LOCAL_LIBRARY_DIR)/Frameworks";
				IPHONEOS_DEPLOYMENT_TARGET = 9.0;
				LD_RUNPATH_SEARCH_PATHS = "$(inherited) @executable_path/Frameworks @loader_path/Frameworks";
				PRODUCT_BUNDLE_IDENTIFIER = com.warp.ReRouter;
				PRODUCT_NAME = "$(TARGET_NAME)";
				SKIP_INSTALL = YES;
				SWIFT_OPTIMIZATION_LEVEL = "-Onone";
				SWIFT_SWIFT3_OBJC_INFERENCE = Default;
				SWIFT_VERSION = 4.0;
			};
			name = Debug;
		};
		CE37E3041F5D62410093DA92 /* Release */ = {
			isa = XCBuildConfiguration;
			buildSettings = {
				APPLICATION_EXTENSION_API_ONLY = NO;
				CLANG_ENABLE_MODULES = YES;
				CODE_SIGN_IDENTITY = "";
				DEFINES_MODULE = YES;
				DEVELOPMENT_TEAM = VLLVL72AJ4;
				DYLIB_COMPATIBILITY_VERSION = 1;
				DYLIB_CURRENT_VERSION = 1;
				DYLIB_INSTALL_NAME_BASE = "@rpath";
				FRAMEWORK_SEARCH_PATHS = (
					"$(inherited)",
					"$(PROJECT_DIR)/Carthage/Build/iOS",
				);
				INFOPLIST_FILE = ReRouter/Info.plist;
				INSTALL_PATH = "$(LOCAL_LIBRARY_DIR)/Frameworks";
				IPHONEOS_DEPLOYMENT_TARGET = 9.0;
				LD_RUNPATH_SEARCH_PATHS = "$(inherited) @executable_path/Frameworks @loader_path/Frameworks";
				PRODUCT_BUNDLE_IDENTIFIER = com.warp.ReRouter;
				PRODUCT_NAME = "$(TARGET_NAME)";
				SKIP_INSTALL = YES;
				SWIFT_SWIFT3_OBJC_INFERENCE = Default;
				SWIFT_VERSION = 4.0;
			};
			name = Release;
		};
		CE37E3061F5D62410093DA92 /* Debug */ = {
			isa = XCBuildConfiguration;
			buildSettings = {
				ALWAYS_EMBED_SWIFT_STANDARD_LIBRARIES = YES;
				DEVELOPMENT_TEAM = VLLVL72AJ4;
				FRAMEWORK_SEARCH_PATHS = (
					"$(inherited)",
					"$(PROJECT_DIR)/Carthage/Build/iOS",
				);
				INFOPLIST_FILE = ReRouterTests/Info.plist;
				LD_RUNPATH_SEARCH_PATHS = "$(inherited) @executable_path/Frameworks @loader_path/Frameworks $(PROJECT_DIR)/Carthage/Build/iOS";
				PRODUCT_BUNDLE_IDENTIFIER = com.warp.ReRouterTests;
				PRODUCT_NAME = "$(TARGET_NAME)";
				SWIFT_SWIFT3_OBJC_INFERENCE = Default;
				SWIFT_VERSION = 4.0;
			};
			name = Debug;
		};
		CE37E3071F5D62410093DA92 /* Release */ = {
			isa = XCBuildConfiguration;
			buildSettings = {
				ALWAYS_EMBED_SWIFT_STANDARD_LIBRARIES = YES;
				DEVELOPMENT_TEAM = VLLVL72AJ4;
				FRAMEWORK_SEARCH_PATHS = (
					"$(inherited)",
					"$(PROJECT_DIR)/Carthage/Build/iOS",
				);
				INFOPLIST_FILE = ReRouterTests/Info.plist;
				LD_RUNPATH_SEARCH_PATHS = "$(inherited) @executable_path/Frameworks @loader_path/Frameworks $(PROJECT_DIR)/Carthage/Build/iOS";
				PRODUCT_BUNDLE_IDENTIFIER = com.warp.ReRouterTests;
				PRODUCT_NAME = "$(TARGET_NAME)";
				SWIFT_SWIFT3_OBJC_INFERENCE = Default;
				SWIFT_VERSION = 4.0;
			};
			name = Release;
		};
		CE3D08B31FA88D27009DA4F4 /* Debug */ = {
			isa = XCBuildConfiguration;
			buildSettings = {
				ASSETCATALOG_COMPILER_APPICON_NAME = AppIcon;
				CLANG_CXX_LANGUAGE_STANDARD = "gnu++14";
				CLANG_WARN_UNGUARDED_AVAILABILITY = YES_AGGRESSIVE;
				CODE_SIGN_IDENTITY = "iPhone Developer";
				CODE_SIGN_STYLE = Automatic;
				DEVELOPMENT_TEAM = 7H6SM4X3H7;
				GCC_C_LANGUAGE_STANDARD = gnu11;
				INFOPLIST_FILE = ReRouterDemo/Info.plist;
				IPHONEOS_DEPLOYMENT_TARGET = 11.0;
				LD_RUNPATH_SEARCH_PATHS = "$(inherited) @executable_path/Frameworks";
				PRODUCT_BUNDLE_IDENTIFIER = com.violentoctopus.ReRouterDemo;
				PRODUCT_NAME = "$(TARGET_NAME)";
				SWIFT_VERSION = 4.0;
				TARGETED_DEVICE_FAMILY = "1,2";
			};
			name = Debug;
		};
		CE3D08B41FA88D27009DA4F4 /* Release */ = {
			isa = XCBuildConfiguration;
			buildSettings = {
				ASSETCATALOG_COMPILER_APPICON_NAME = AppIcon;
				CLANG_CXX_LANGUAGE_STANDARD = "gnu++14";
				CLANG_WARN_UNGUARDED_AVAILABILITY = YES_AGGRESSIVE;
				CODE_SIGN_IDENTITY = "iPhone Developer";
				CODE_SIGN_STYLE = Automatic;
				DEVELOPMENT_TEAM = 7H6SM4X3H7;
				GCC_C_LANGUAGE_STANDARD = gnu11;
				INFOPLIST_FILE = ReRouterDemo/Info.plist;
				IPHONEOS_DEPLOYMENT_TARGET = 11.0;
				LD_RUNPATH_SEARCH_PATHS = "$(inherited) @executable_path/Frameworks";
				PRODUCT_BUNDLE_IDENTIFIER = com.violentoctopus.ReRouterDemo;
				PRODUCT_NAME = "$(TARGET_NAME)";
				SWIFT_VERSION = 4.0;
				TARGETED_DEVICE_FAMILY = "1,2";
			};
			name = Release;
		};
/* End XCBuildConfiguration section */

/* Begin XCConfigurationList section */
		CE37E2E81F5D62410093DA92 /* Build configuration list for PBXProject "ReRouter" */ = {
			isa = XCConfigurationList;
			buildConfigurations = (
				CE37E3001F5D62410093DA92 /* Debug */,
				CE37E3011F5D62410093DA92 /* Release */,
			);
			defaultConfigurationIsVisible = 0;
			defaultConfigurationName = Release;
		};
		CE37E3021F5D62410093DA92 /* Build configuration list for PBXNativeTarget "ReRouter" */ = {
			isa = XCConfigurationList;
			buildConfigurations = (
				CE37E3031F5D62410093DA92 /* Debug */,
				CE37E3041F5D62410093DA92 /* Release */,
			);
			defaultConfigurationIsVisible = 0;
			defaultConfigurationName = Release;
		};
		CE37E3051F5D62410093DA92 /* Build configuration list for PBXNativeTarget "ReRouterTests" */ = {
			isa = XCConfigurationList;
			buildConfigurations = (
				CE37E3061F5D62410093DA92 /* Debug */,
				CE37E3071F5D62410093DA92 /* Release */,
			);
			defaultConfigurationIsVisible = 0;
			defaultConfigurationName = Release;
		};
		CE3D08B51FA88D27009DA4F4 /* Build configuration list for PBXNativeTarget "ReRouterDemo" */ = {
			isa = XCConfigurationList;
			buildConfigurations = (
				CE3D08B31FA88D27009DA4F4 /* Debug */,
				CE3D08B41FA88D27009DA4F4 /* Release */,
			);
			defaultConfigurationIsVisible = 0;
			defaultConfigurationName = Release;
		};
/* End XCConfigurationList section */
	};
	rootObject = CE37E2E51F5D62410093DA92 /* Project object */;
}
